
Microsoft Visual Studio Solution File, Format Version 12.00
# Visual Studio Version 17
VisualStudioVersion = 17.14.37328.6
MinimumVisualStudioVersion = 10.0.40219.1
Project("{FAE04EC0-301F-11D3-BF4B-00C04F79EFBC}") = "UnityTcpMonitoring", "UnityTcpMonitoring\UnityTcpMonitoring.csproj", "{DB67F29B-C460-4393-AF48-2BF788A48073}"
EndProject
Project("{FAE04EC0-301F-11D3-BF4B-00C04F79EFBC}") = "UnityTcpMonitoringShared", "UnityTcpMonitoring.Shared\UnityTcpMonitoringShared.csproj", "{A220D902-5E89-52E9-E728-C70D9F53D53C}"
EndProject
Project("{FAE04EC0-301F-11D3-BF4B-00C04F79EFBC}") = "UnityTcpMonitoringServer", "UnityTcpMonitoring.Server\UnityTcpMonitoringServer.csproj", "{228B5752-FDAB-DEAD-580B-048F2442A284}"
EndProject
Global
	GlobalSection(SolutionConfigurationPlatforms) = preSolution
		Debug|Any CPU = Debug|Any CPU
		Release|Any CPU = Release|Any CPU
	EndGlobalSection
	GlobalSection(ProjectConfigurationPlatforms) = postSolution
		{DB67F29B-C460-4393-AF48-2BF788A48073}.Debug|Any CPU.ActiveCfg = Debug|Any CPU
		{DB67F29B-C460-4393-AF48-2BF788A48073}.Debug|Any CPU.Build.0 = Debug|Any CPU
		{DB67F29B-C460-4393-AF48-2BF788A48073}.Release|Any CPU.ActiveCfg = Release|Any CPU
		{DB67F29B-C460-4393-AF48-2BF788A48073}.Release|Any CPU.Build.0 = Release|Any CPU
		{A220D902-5E89-52E9-E728-C70D9F53D53C}.Debug|Any CPU.ActiveCfg = Debug|Any CPU
		{A220D902-5E89-52E9-E728-C70D9F53D53C}.Debug|Any CPU.Build.0 = Debug|Any CPU
		{A220D902-5E89-52E9-E728-C70D9F53D53C}.Release|Any CPU.ActiveCfg = Release|Any CPU
		{A220D902-5E89-52E9-E728-C70D9F53D53C}.Release|Any CPU.Build.0 = Release|Any CPU
		{228B5752-FDAB-DEAD-580B-048F2442A284}.Debug|Any CPU.ActiveCfg = Debug|Any CPU
		{228B5752-FDAB-DEAD-580B-048F2442A284}.Debug|Any CPU.Build.0 = Debug|Any CPU
		{228B5752-FDAB-DEAD-580B-048F2442A284}.Release|Any CPU.ActiveCfg = Release|Any CPU
		{228B5752-FDAB-DEAD-580B-048F2442A284}.Release|Any CPU.Build.0 = Release|Any CPU
	EndGlobalSection
	GlobalSection(SolutionProperties) = preSolution
		HideSolutionNode = FALSE
	EndGlobalSection
	GlobalSection(ExtensibilityGlobals) = postSolution
		SolutionGuid = {9B1640A2-9C98-46D6-977F-C642DF08E283}
	EndGlobalSection
EndGlobal
